// !$*UTF8*$!
{
	archiveVersion = 1;
	classes = {
	};
	objectVersion = 46;
	objects = {

/* Begin PBXBuildFile section */
		130515FA1C89323C00972BAE /* myAllLoyViewController.m in Sources */ = {isa = PBXBuildFile; fileRef = 130515F91C89323C00972BAE /* myAllLoyViewController.m */; };
		13134E861C900EAF0047CE29 /* myProduct_CollectionCell_V.m in Sources */ = {isa = PBXBuildFile; fileRef = 13134E841C900EAF0047CE29 /* myProduct_CollectionCell_V.m */; };
		13134E871C900EAF0047CE29 /* myProduct_CollectionCell_V.xib in Resources */ = {isa = PBXBuildFile; fileRef = 13134E851C900EAF0047CE29 /* myProduct_CollectionCell_V.xib */; };
		13134E8C1C90196C0047CE29 /* products.json in Resources */ = {isa = PBXBuildFile; fileRef = 13134E8B1C90196C0047CE29 /* products.json */; };
		131F37D11C8FCE44002B9144 /* MBProgressHUD+MJ.m in Sources */ = {isa = PBXBuildFile; fileRef = 131F37CD1C8FCE44002B9144 /* MBProgressHUD+MJ.m */; };
		131F37D21C8FCE44002B9144 /* MBProgressHUD.bundle in Resources */ = {isa = PBXBuildFile; fileRef = 131F37CE1C8FCE44002B9144 /* MBProgressHUD.bundle */; };
		131F37D31C8FCE44002B9144 /* MBProgressHUD.m in Sources */ = {isa = PBXBuildFile; fileRef = 131F37D01C8FCE44002B9144 /* MBProgressHUD.m */; };
		131F37D61C8FDE7C002B9144 /* myProduct_CollectionView_C.m in Sources */ = {isa = PBXBuildFile; fileRef = 131F37D51C8FDE7C002B9144 /* myProduct_CollectionView_C.m */; };
		131F423A1C92A5BD001644C7 /* bjdc_howto.html in Resources */ = {isa = PBXBuildFile; fileRef = 131F421D1C92A5BD001644C7 /* bjdc_howto.html */; };
		131F423B1C92A5BD001644C7 /* coupon_help.html in Resources */ = {isa = PBXBuildFile; fileRef = 131F421E1C92A5BD001644C7 /* coupon_help.html */; };
		131F423C1C92A5BD001644C7 /* credit_help.html in Resources */ = {isa = PBXBuildFile; fileRef = 131F421F1C92A5BD001644C7 /* credit_help.html */; };
		131F423D1C92A5BD001644C7 /* dlt_howto.html in Resources */ = {isa = PBXBuildFile; fileRef = 131F42201C92A5BD001644C7 /* dlt_howto.html */; };
		131F423E1C92A5BD001644C7 /* f9_howto.html in Resources */ = {isa = PBXBuildFile; fileRef = 131F42211C92A5BD001644C7 /* f9_howto.html */; };
		131F423F1C92A5BD001644C7 /* gdy11_howto.html in Resources */ = {isa = PBXBuildFile; fileRef = 131F42221C92A5BD001644C7 /* gdy11_howto.html */; };
		131F42401C92A5BD001644C7 /* group_record.html in Resources */ = {isa = PBXBuildFile; fileRef = 131F42231C92A5BD001644C7 /* group_record.html */; };
		131F42411C92A5BD001644C7 /* help.html in Resources */ = {isa = PBXBuildFile; fileRef = 131F42241C92A5BD001644C7 /* help.html */; };
		131F42421C92A5BD001644C7 /* helpGroupBuy.html in Resources */ = {isa = PBXBuildFile; fileRef = 131F42251C92A5BD001644C7 /* helpGroupBuy.html */; };
		131F42431C92A5BD001644C7 /* jclq_howto.html in Resources */ = {isa = PBXBuildFile; fileRef = 131F42261C92A5BD001644C7 /* jclq_howto.html */; };
		131F42441C92A5BD001644C7 /* jczq_howto.html in Resources */ = {isa = PBXBuildFile; fileRef = 131F42271C92A5BD001644C7 /* jczq_howto.html */; };
		131F42451C92A5BD001644C7 /* jxssc_howto.html in Resources */ = {isa = PBXBuildFile; fileRef = 131F42281C92A5BD001644C7 /* jxssc_howto.html */; };
		131F42461C92A5BD001644C7 /* jxy11_howto.html in Resources */ = {isa = PBXBuildFile; fileRef = 131F42291C92A5BD001644C7 /* jxy11_howto.html */; };
		131F42471C92A5BD001644C7 /* k2_howto.html in Resources */ = {isa = PBXBuildFile; fileRef = 131F422A1C92A5BD001644C7 /* k2_howto.html */; };
		131F42481C92A5BD001644C7 /* k3_howto.html in Resources */ = {isa = PBXBuildFile; fileRef = 131F422B1C92A5BD001644C7 /* k3_howto.html */; };
		131F42491C92A5BD001644C7 /* kl8_howto.html in Resources */ = {isa = PBXBuildFile; fileRef = 131F422C1C92A5BD001644C7 /* kl8_howto.html */; };
		131F424A1C92A5BD001644C7 /* lk11_howto.html in Resources */ = {isa = PBXBuildFile; fileRef = 131F422D1C92A5BD001644C7 /* lk11_howto.html */; };
		131F424B1C92A5BD001644C7 /* networkconnectedfailed.html in Resources */ = {isa = PBXBuildFile; fileRef = 131F422E1C92A5BD001644C7 /* networkconnectedfailed.html */; };
		131F424C1C92A5BD001644C7 /* pl3_howto.html in Resources */ = {isa = PBXBuildFile; fileRef = 131F422F1C92A5BD001644C7 /* pl3_howto.html */; };
		131F424D1C92A5BD001644C7 /* pl5_howto.html in Resources */ = {isa = PBXBuildFile; fileRef = 131F42301C92A5BD001644C7 /* pl5_howto.html */; };
		131F424E1C92A5BD001644C7 /* qlc_howto.html in Resources */ = {isa = PBXBuildFile; fileRef = 131F42311C92A5BD001644C7 /* qlc_howto.html */; };
		131F424F1C92A5BD001644C7 /* qxc_howto.html in Resources */ = {isa = PBXBuildFile; fileRef = 131F42321C92A5BD001644C7 /* qxc_howto.html */; };
		131F42501C92A5BD001644C7 /* rule.css in Resources */ = {isa = PBXBuildFile; fileRef = 131F42331C92A5BD001644C7 /* rule.css */; };
		131F42511C92A5BD001644C7 /* sfc_howto.html in Resources */ = {isa = PBXBuildFile; fileRef = 131F42341C92A5BD001644C7 /* sfc_howto.html */; };
		131F42521C92A5BD001644C7 /* ssc_howto.html in Resources */ = {isa = PBXBuildFile; fileRef = 131F42351C92A5BD001644C7 /* ssc_howto.html */; };
		131F42531C92A5BD001644C7 /* ssq_howto.html in Resources */ = {isa = PBXBuildFile; fileRef = 131F42361C92A5BD001644C7 /* ssq_howto.html */; };
		131F42541C92A5BD001644C7 /* x3d_howto.html in Resources */ = {isa = PBXBuildFile; fileRef = 131F42371C92A5BD001644C7 /* x3d_howto.html */; };
		131F42551C92A5BD001644C7 /* y11_howto.html in Resources */ = {isa = PBXBuildFile; fileRef = 131F42381C92A5BD001644C7 /* y11_howto.html */; };
		131F42561C92A5BD001644C7 /* znzh.html in Resources */ = {isa = PBXBuildFile; fileRef = 131F42391C92A5BD001644C7 /* znzh.html */; };
		131F42581C92A5D0001644C7 /* cywt.json in Resources */ = {isa = PBXBuildFile; fileRef = 131F42571C92A5D0001644C7 /* cywt.json */; };
		131F425A1C92A63C001644C7 /* help.json in Resources */ = {isa = PBXBuildFile; fileRef = 131F42591C92A63C001644C7 /* help.json */; };
		131F425D1C92A660001644C7 /* myHelp_Model.m in Sources */ = {isa = PBXBuildFile; fileRef = 131F425C1C92A660001644C7 /* myHelp_Model.m */; };
		131F42601C92A722001644C7 /* myHtmlTableView_C.m in Sources */ = {isa = PBXBuildFile; fileRef = 131F425F1C92A722001644C7 /* myHtmlTableView_C.m */; };
		131F42631C92A867001644C7 /* myHelpTableView_C.m in Sources */ = {isa = PBXBuildFile; fileRef = 131F42621C92A867001644C7 /* myHelpTableView_C.m */; };
		13424A8A1C8AC3F8000AE14B /* setBackStretch.m in Sources */ = {isa = PBXBuildFile; fileRef = 13424A891C8AC3F8000AE14B /* setBackStretch.m */; };
		1352575C1C883FEB00C30B12 /* myViewNavigationBar.m in Sources */ = {isa = PBXBuildFile; fileRef = 1352575B1C883FEB00C30B12 /* myViewNavigationBar.m */; };
		135699E61C912EB80076AD03 /* mySetting_C.m in Sources */ = {isa = PBXBuildFile; fileRef = 135699E51C912EB80076AD03 /* mySetting_C.m */; };
		135699EA1C914FFA0076AD03 /* myPushRemind_TableView_C.m in Sources */ = {isa = PBXBuildFile; fileRef = 135699E91C914FFA0076AD03 /* myPushRemind_TableView_C.m */; };
		13665C721C8ABDBE0064BBBD /* myLoginView_C.m in Sources */ = {isa = PBXBuildFile; fileRef = 13665C711C8ABDBE0064BBBD /* myLoginView_C.m */; };
		13708A3C1C8D721C005D25AE /* mySetting_GroupModel.m in Sources */ = {isa = PBXBuildFile; fileRef = 13708A3B1C8D721C005D25AE /* mySetting_GroupModel.m */; };
		13708A3F1C8D7239005D25AE /* mySettingItem_Model.m in Sources */ = {isa = PBXBuildFile; fileRef = 13708A3E1C8D7239005D25AE /* mySettingItem_Model.m */; };
		13708A451C8D7DFB005D25AE /* mySetting_CellView.m in Sources */ = {isa = PBXBuildFile; fileRef = 13708A441C8D7DFB005D25AE /* mySetting_CellView.m */; };
		13708A481C8D87D0005D25AE /* mySettingItem_ArrowModel.m in Sources */ = {isa = PBXBuildFile; fileRef = 13708A471C8D87D0005D25AE /* mySettingItem_ArrowModel.m */; };
		13708A4B1C8D87F3005D25AE /* mySettingItem_SwitchModel.m in Sources */ = {isa = PBXBuildFile; fileRef = 13708A4A1C8D87F3005D25AE /* mySettingItem_SwitchModel.m */; };
		13B9B9DC1C88172600FF5841 /* main.m in Sources */ = {isa = PBXBuildFile; fileRef = 13B9B9DB1C88172600FF5841 /* main.m */; };
		13B9B9DF1C88172600FF5841 /* AppDelegate.m in Sources */ = {isa = PBXBuildFile; fileRef = 13B9B9DE1C88172600FF5841 /* AppDelegate.m */; };
		13B9B9E21C88172600FF5841 /* ViewController.m in Sources */ = {isa = PBXBuildFile; fileRef = 13B9B9E11C88172600FF5841 /* ViewController.m */; };
		13B9B9E51C88172600FF5841 /* Main.storyboard in Resources */ = {isa = PBXBuildFile; fileRef = 13B9B9E31C88172600FF5841 /* Main.storyboard */; };
		13B9B9E71C88172600FF5841 /* Images.xcassets in Resources */ = {isa = PBXBuildFile; fileRef = 13B9B9E61C88172600FF5841 /* Images.xcassets */; };
		13B9B9EA1C88172600FF5841 /* LaunchScreen.xib in Resources */ = {isa = PBXBuildFile; fileRef = 13B9B9E81C88172600FF5841 /* LaunchScreen.xib */; };
		13B9B9F61C88172600FF5841 /* UI____Tests.m in Sources */ = {isa = PBXBuildFile; fileRef = 13B9B9F51C88172600FF5841 /* UI____Tests.m */; };
		13C7EDAC1C8E6E000007BE80 /* myNotiSendTVC.m in Sources */ = {isa = PBXBuildFile; fileRef = 13C7EDAA1C8E6E000007BE80 /* myNotiSendTVC.m */; };
		13C7EDAD1C8E6E000007BE80 /* myNotiSendTVC.xib in Resources */ = {isa = PBXBuildFile; fileRef = 13C7EDAB1C8E6E000007BE80 /* myNotiSendTVC.xib */; };
		13DC337E1C911EB200ACD969 /* myNavigationViewController.m in Sources */ = {isa = PBXBuildFile; fileRef = 13DC337D1C911EB200ACD969 /* myNavigationViewController.m */; };
		13F61D0C1C881907000D72D5 /* myViewTabBarContrller.m in Sources */ = {isa = PBXBuildFile; fileRef = 13F61D0B1C881907000D72D5 /* myViewTabBarContrller.m */; };
		13F61D0F1C881923000D72D5 /* myButton.m in Sources */ = {isa = PBXBuildFile; fileRef = 13F61D0E1C881923000D72D5 /* myButton.m */; };
		13F61D121C881963000D72D5 /* myViewTabBar.m in Sources */ = {isa = PBXBuildFile; fileRef = 13F61D111C881963000D72D5 /* myViewTabBar.m */; };
		13F962381C892D38004D53C1 /* myTitleButton.m in Sources */ = {isa = PBXBuildFile; fileRef = 13F962371C892D38004D53C1 /* myTitleButton.m */; };
		13F96A0B1C8D648900F83CF4 /* mySetting_TableVeiw_C.m in Sources */ = {isa = PBXBuildFile; fileRef = 13F96A0A1C8D648900F83CF4 /* mySetting_TableVeiw_C.m */; };
		13FA51E51C90214A004FFE04 /* myProduct_Model.m in Sources */ = {isa = PBXBuildFile; fileRef = 13FA51E41C90214A004FFE04 /* myProduct_Model.m */; };
/* End PBXBuildFile section */

/* Begin PBXContainerItemProxy section */
		13B9B9F01C88172600FF5841 /* PBXContainerItemProxy */ = {
			isa = PBXContainerItemProxy;
			containerPortal = 13B9B9CE1C88172600FF5841 /* Project object */;
			proxyType = 1;
			remoteGlobalIDString = 13B9B9D51C88172600FF5841;
			remoteInfo = "UI_新彩票";
		};
/* End PBXContainerItemProxy section */

/* Begin PBXFileReference section */
		130515F81C89323C00972BAE /* myAllLoyViewController.h */ = {isa = PBXFileReference; fileEncoding = 4; lastKnownFileType = sourcecode.c.h; path = myAllLoyViewController.h; sourceTree = "<group>"; };
		130515F91C89323C00972BAE /* myAllLoyViewController.m */ = {isa = PBXFileReference; fileEncoding = 4; lastKnownFileType = sourcecode.c.objc; path = myAllLoyViewController.m; sourceTree = "<group>"; };
		13134E831C900EAF0047CE29 /* myProduct_CollectionCell_V.h */ = {isa = PBXFileReference; fileEncoding = 4; lastKnownFileType = sourcecode.c.h; path = myProduct_CollectionCell_V.h; sourceTree = "<group>"; };
		13134E841C900EAF0047CE29 /* myProduct_CollectionCell_V.m */ = {isa = PBXFileReference; fileEncoding = 4; lastKnownFileType = sourcecode.c.objc; path = myProduct_CollectionCell_V.m; sourceTree = "<group>"; };
		13134E851C900EAF0047CE29 /* myProduct_CollectionCell_V.xib */ = {isa = PBXFileReference; fileEncoding = 4; lastKnownFileType = file.xib; path = myProduct_CollectionCell_V.xib; sourceTree = "<group>"; };
		13134E8B1C90196C0047CE29 /* products.json */ = {isa = PBXFileReference; fileEncoding = 4; lastKnownFileType = text.json; path = products.json; sourceTree = "<group>"; };
		131F37CC1C8FCE44002B9144 /* MBProgressHUD+MJ.h */ = {isa = PBXFileReference; fileEncoding = 4; lastKnownFileType = sourcecode.c.h; path = "MBProgressHUD+MJ.h"; sourceTree = "<group>"; };
		131F37CD1C8FCE44002B9144 /* MBProgressHUD+MJ.m */ = {isa = PBXFileReference; fileEncoding = 4; lastKnownFileType = sourcecode.c.objc; path = "MBProgressHUD+MJ.m"; sourceTree = "<group>"; };
		131F37CE1C8FCE44002B9144 /* MBProgressHUD.bundle */ = {isa = PBXFileReference; lastKnownFileType = "wrapper.plug-in"; path = MBProgressHUD.bundle; sourceTree = "<group>"; };
		131F37CF1C8FCE44002B9144 /* MBProgressHUD.h */ = {isa = PBXFileReference; fileEncoding = 4; lastKnownFileType = sourcecode.c.h; path = MBProgressHUD.h; sourceTree = "<group>"; };
		131F37D01C8FCE44002B9144 /* MBProgressHUD.m */ = {isa = PBXFileReference; fileEncoding = 4; lastKnownFileType = sourcecode.c.objc; path = MBProgressHUD.m; sourceTree = "<group>"; };
		131F37D41C8FDE7C002B9144 /* myProduct_CollectionView_C.h */ = {isa = PBXFileReference; fileEncoding = 4; lastKnownFileType = sourcecode.c.h; path = myProduct_CollectionView_C.h; sourceTree = "<group>"; };
		131F37D51C8FDE7C002B9144 /* myProduct_CollectionView_C.m */ = {isa = PBXFileReference; fileEncoding = 4; lastKnownFileType = sourcecode.c.objc; path = myProduct_CollectionView_C.m; sourceTree = "<group>"; };
		131F421D1C92A5BD001644C7 /* bjdc_howto.html */ = {isa = PBXFileReference; fileEncoding = 4; lastKnownFileType = text.html; path = bjdc_howto.html; sourceTree = "<group>"; };
		131F421E1C92A5BD001644C7 /* coupon_help.html */ = {isa = PBXFileReference; fileEncoding = 4; lastKnownFileType = text.html; path = coupon_help.html; sourceTree = "<group>"; };
		131F421F1C92A5BD001644C7 /* credit_help.html */ = {isa = PBXFileReference; fileEncoding = 4; lastKnownFileType = text.html; path = credit_help.html; sourceTree = "<group>"; };
		131F42201C92A5BD001644C7 /* dlt_howto.html */ = {isa = PBXFileReference; fileEncoding = 4; lastKnownFileType = text.html; path = dlt_howto.html; sourceTree = "<group>"; };
		131F42211C92A5BD001644C7 /* f9_howto.html */ = {isa = PBXFileReference; fileEncoding = 4; lastKnownFileType = text.html; path = f9_howto.html; sourceTree = "<group>"; };
		131F42221C92A5BD001644C7 /* gdy11_howto.html */ = {isa = PBXFileReference; fileEncoding = 4; lastKnownFileType = text.html; path = gdy11_howto.html; sourceTree = "<group>"; };
		131F42231C92A5BD001644C7 /* group_record.html */ = {isa = PBXFileReference; fileEncoding = 4; lastKnownFileType = text.html; path = group_record.html; sourceTree = "<group>"; };
		131F42241C92A5BD001644C7 /* help.html */ = {isa = PBXFileReference; fileEncoding = 4; lastKnownFileType = text.html; path = help.html; sourceTree = "<group>"; };
		131F42251C92A5BD001644C7 /* helpGroupBuy.html */ = {isa = PBXFileReference; fileEncoding = 4; lastKnownFileType = text.html; path = helpGroupBuy.html; sourceTree = "<group>"; };
		131F42261C92A5BD001644C7 /* jclq_howto.html */ = {isa = PBXFileReference; fileEncoding = 4; lastKnownFileType = text.html; path = jclq_howto.html; sourceTree = "<group>"; };
		131F42271C92A5BD001644C7 /* jczq_howto.html */ = {isa = PBXFileReference; fileEncoding = 4; lastKnownFileType = text.html; path = jczq_howto.html; sourceTree = "<group>"; };
		131F42281C92A5BD001644C7 /* jxssc_howto.html */ = {isa = PBXFileReference; fileEncoding = 4; lastKnownFileType = text.html; path = jxssc_howto.html; sourceTree = "<group>"; };
		131F42291C92A5BD001644C7 /* jxy11_howto.html */ = {isa = PBXFileReference; fileEncoding = 4; lastKnownFileType = text.html; path = jxy11_howto.html; sourceTree = "<group>"; };
		131F422A1C92A5BD001644C7 /* k2_howto.html */ = {isa = PBXFileReference; fileEncoding = 4; lastKnownFileType = text.html; path = k2_howto.html; sourceTree = "<group>"; };
		131F422B1C92A5BD001644C7 /* k3_howto.html */ = {isa = PBXFileReference; fileEncoding = 4; lastKnownFileType = text.html; path = k3_howto.html; sourceTree = "<group>"; };
		131F422C1C92A5BD001644C7 /* kl8_howto.html */ = {isa = PBXFileReference; fileEncoding = 4; lastKnownFileType = text.html; path = kl8_howto.html; sourceTree = "<group>"; };
		131F422D1C92A5BD001644C7 /* lk11_howto.html */ = {isa = PBXFileReference; fileEncoding = 4; lastKnownFileType = text.html; path = lk11_howto.html; sourceTree = "<group>"; };
		131F422E1C92A5BD001644C7 /* networkconnectedfailed.html */ = {isa = PBXFileReference; fileEncoding = 4; lastKnownFileType = text.html; path = networkconnectedfailed.html; sourceTree = "<group>"; };
		131F422F1C92A5BD001644C7 /* pl3_howto.html */ = {isa = PBXFileReference; fileEncoding = 4; lastKnownFileType = text.html; path = pl3_howto.html; sourceTree = "<group>"; };
		131F42301C92A5BD001644C7 /* pl5_howto.html */ = {isa = PBXFileReference; fileEncoding = 4; lastKnownFileType = text.html; path = pl5_howto.html; sourceTree = "<group>"; };
		131F42311C92A5BD001644C7 /* qlc_howto.html */ = {isa = PBXFileReference; fileEncoding = 4; lastKnownFileType = text.html; path = qlc_howto.html; sourceTree = "<group>"; };
		131F42321C92A5BD001644C7 /* qxc_howto.html */ = {isa = PBXFileReference; fileEncoding = 4; lastKnownFileType = text.html; path = qxc_howto.html; sourceTree = "<group>"; };
		131F42331C92A5BD001644C7 /* rule.css */ = {isa = PBXFileReference; fileEncoding = 4; lastKnownFileType = text.css; path = rule.css; sourceTree = "<group>"; };
		131F42341C92A5BD001644C7 /* sfc_howto.html */ = {isa = PBXFileReference; fileEncoding = 4; lastKnownFileType = text.html; path = sfc_howto.html; sourceTree = "<group>"; };
		131F42351C92A5BD001644C7 /* ssc_howto.html */ = {isa = PBXFileReference; fileEncoding = 4; lastKnownFileType = text.html; path = ssc_howto.html; sourceTree = "<group>"; };
		131F42361C92A5BD001644C7 /* ssq_howto.html */ = {isa = PBXFileReference; fileEncoding = 4; lastKnownFileType = text.html; path = ssq_howto.html; sourceTree = "<group>"; };
		131F42371C92A5BD001644C7 /* x3d_howto.html */ = {isa = PBXFileReference; fileEncoding = 4; lastKnownFileType = text.html; path = x3d_howto.html; sourceTree = "<group>"; };
		131F42381C92A5BD001644C7 /* y11_howto.html */ = {isa = PBXFileReference; fileEncoding = 4; lastKnownFileType = text.html; path = y11_howto.html; sourceTree = "<group>"; };
		131F42391C92A5BD001644C7 /* znzh.html */ = {isa = PBXFileReference; fileEncoding = 4; lastKnownFileType = text.html; path = znzh.html; sourceTree = "<group>"; };
		131F42571C92A5D0001644C7 /* cywt.json */ = {isa = PBXFileReference; fileEncoding = 4; lastKnownFileType = text.json; path = cywt.json; sourceTree = "<group>"; };
		131F42591C92A63C001644C7 /* help.json */ = {isa = PBXFileReference; fileEncoding = 4; lastKnownFileType = text.json; path = help.json; sourceTree = "<group>"; };
		131F425B1C92A660001644C7 /* myHelp_Model.h */ = {isa = PBXFileReference; fileEncoding = 4; lastKnownFileType = sourcecode.c.h; path = myHelp_Model.h; sourceTree = "<group>"; };
		131F425C1C92A660001644C7 /* myHelp_Model.m */ = {isa = PBXFileReference; fileEncoding = 4; lastKnownFileType = sourcecode.c.objc; path = myHelp_Model.m; sourceTree = "<group>"; };
		131F425E1C92A722001644C7 /* myHtmlTableView_C.h */ = {isa = PBXFileReference; fileEncoding = 4; lastKnownFileType = sourcecode.c.h; path = myHtmlTableView_C.h; sourceTree = "<group>"; };
		131F425F1C92A722001644C7 /* myHtmlTableView_C.m */ = {isa = PBXFileReference; fileEncoding = 4; lastKnownFileType = sourcecode.c.objc; path = myHtmlTableView_C.m; sourceTree = "<group>"; };
		131F42611C92A867001644C7 /* myHelpTableView_C.h */ = {isa = PBXFileReference; fileEncoding = 4; lastKnownFileType = sourcecode.c.h; path = myHelpTableView_C.h; sourceTree = "<group>"; };
		131F42621C92A867001644C7 /* myHelpTableView_C.m */ = {isa = PBXFileReference; fileEncoding = 4; lastKnownFileType = sourcecode.c.objc; path = myHelpTableView_C.m; sourceTree = "<group>"; };
		13424A881C8AC3F8000AE14B /* setBackStretch.h */ = {isa = PBXFileReference; fileEncoding = 4; lastKnownFileType = sourcecode.c.h; path = setBackStretch.h; sourceTree = "<group>"; };
		13424A891C8AC3F8000AE14B /* setBackStretch.m */ = {isa = PBXFileReference; fileEncoding = 4; lastKnownFileType = sourcecode.c.objc; path = setBackStretch.m; sourceTree = "<group>"; };
		135257591C88353A00C30B12 /* pchFile.pch */ = {isa = PBXFileReference; fileEncoding = 4; lastKnownFileType = sourcecode.c.h; path = pchFile.pch; sourceTree = "<group>"; };
		1352575A1C883FEB00C30B12 /* myViewNavigationBar.h */ = {isa = PBXFileReference; fileEncoding = 4; lastKnownFileType = sourcecode.c.h; path = myViewNavigationBar.h; sourceTree = "<group>"; };
		1352575B1C883FEB00C30B12 /* myViewNavigationBar.m */ = {isa = PBXFileReference; fileEncoding = 4; lastKnownFileType = sourcecode.c.objc; path = myViewNavigationBar.m; sourceTree = "<group>"; };
		135699E41C912EB80076AD03 /* mySetting_C.h */ = {isa = PBXFileReference; fileEncoding = 4; lastKnownFileType = sourcecode.c.h; path = mySetting_C.h; sourceTree = "<group>"; };
		135699E51C912EB80076AD03 /* mySetting_C.m */ = {isa = PBXFileReference; fileEncoding = 4; lastKnownFileType = sourcecode.c.objc; path = mySetting_C.m; sourceTree = "<group>"; };
		135699E81C914FFA0076AD03 /* myPushRemind_TableView_C.h */ = {isa = PBXFileReference; fileEncoding = 4; lastKnownFileType = sourcecode.c.h; path = myPushRemind_TableView_C.h; sourceTree = "<group>"; };
		135699E91C914FFA0076AD03 /* myPushRemind_TableView_C.m */ = {isa = PBXFileReference; fileEncoding = 4; lastKnownFileType = sourcecode.c.objc; path = myPushRemind_TableView_C.m; sourceTree = "<group>"; };
		13665C701C8ABDBE0064BBBD /* myLoginView_C.h */ = {isa = PBXFileReference; fileEncoding = 4; lastKnownFileType = sourcecode.c.h; path = myLoginView_C.h; sourceTree = "<group>"; };
		13665C711C8ABDBE0064BBBD /* myLoginView_C.m */ = {isa = PBXFileReference; fileEncoding = 4; lastKnownFileType = sourcecode.c.objc; path = myLoginView_C.m; sourceTree = "<group>"; };
		13708A3A1C8D721C005D25AE /* mySetting_GroupModel.h */ = {isa = PBXFileReference; fileEncoding = 4; lastKnownFileType = sourcecode.c.h; path = mySetting_GroupModel.h; sourceTree = "<group>"; };
		13708A3B1C8D721C005D25AE /* mySetting_GroupModel.m */ = {isa = PBXFileReference; fileEncoding = 4; lastKnownFileType = sourcecode.c.objc; path = mySetting_GroupModel.m; sourceTree = "<group>"; };
		13708A3D1C8D7239005D25AE /* mySettingItem_Model.h */ = {isa = PBXFileReference; fileEncoding = 4; lastKnownFileType = sourcecode.c.h; path = mySettingItem_Model.h; sourceTree = "<group>"; };
		13708A3E1C8D7239005D25AE /* mySettingItem_Model.m */ = {isa = PBXFileReference; fileEncoding = 4; lastKnownFileType = sourcecode.c.objc; path = mySettingItem_Model.m; sourceTree = "<group>"; };
		13708A431C8D7DFB005D25AE /* mySetting_CellView.h */ = {isa = PBXFileReference; fileEncoding = 4; lastKnownFileType = sourcecode.c.h; path = mySetting_CellView.h; sourceTree = "<group>"; };
		13708A441C8D7DFB005D25AE /* mySetting_CellView.m */ = {isa = PBXFileReference; fileEncoding = 4; lastKnownFileType = sourcecode.c.objc; path = mySetting_CellView.m; sourceTree = "<group>"; };
		13708A461C8D87D0005D25AE /* mySettingItem_ArrowModel.h */ = {isa = PBXFileReference; fileEncoding = 4; lastKnownFileType = sourcecode.c.h; path = mySettingItem_ArrowModel.h; sourceTree = "<group>"; };
		13708A471C8D87D0005D25AE /* mySettingItem_ArrowModel.m */ = {isa = PBXFileReference; fileEncoding = 4; lastKnownFileType = sourcecode.c.objc; path = mySettingItem_ArrowModel.m; sourceTree = "<group>"; };
		13708A491C8D87F3005D25AE /* mySettingItem_SwitchModel.h */ = {isa = PBXFileReference; fileEncoding = 4; lastKnownFileType = sourcecode.c.h; path = mySettingItem_SwitchModel.h; sourceTree = "<group>"; };
		13708A4A1C8D87F3005D25AE /* mySettingItem_SwitchModel.m */ = {isa = PBXFileReference; fileEncoding = 4; lastKnownFileType = sourcecode.c.objc; path = mySettingItem_SwitchModel.m; sourceTree = "<group>"; };
		13B9B9D61C88172600FF5841 /* UI_新彩票.app */ = {isa = PBXFileReference; explicitFileType = wrapper.application; includeInIndex = 0; path = "UI_新彩票.app"; sourceTree = BUILT_PRODUCTS_DIR; };
		13B9B9DA1C88172600FF5841 /* Info.plist */ = {isa = PBXFileReference; lastKnownFileType = text.plist.xml; path = Info.plist; sourceTree = "<group>"; };
		13B9B9DB1C88172600FF5841 /* main.m */ = {isa = PBXFileReference; lastKnownFileType = sourcecode.c.objc; path = main.m; sourceTree = "<group>"; };
		13B9B9DD1C88172600FF5841 /* AppDelegate.h */ = {isa = PBXFileReference; lastKnownFileType = sourcecode.c.h; path = AppDelegate.h; sourceTree = "<group>"; };
		13B9B9DE1C88172600FF5841 /* AppDelegate.m */ = {isa = PBXFileReference; lastKnownFileType = sourcecode.c.objc; path = AppDelegate.m; sourceTree = "<group>"; };
		13B9B9E01C88172600FF5841 /* ViewController.h */ = {isa = PBXFileReference; lastKnownFileType = sourcecode.c.h; path = ViewController.h; sourceTree = "<group>"; };
		13B9B9E11C88172600FF5841 /* ViewController.m */ = {isa = PBXFileReference; lastKnownFileType = sourcecode.c.objc; path = ViewController.m; sourceTree = "<group>"; };
		13B9B9E41C88172600FF5841 /* Base */ = {isa = PBXFileReference; lastKnownFileType = file.storyboard; name = Base; path = Base.lproj/Main.storyboard; sourceTree = "<group>"; };
		13B9B9E61C88172600FF5841 /* Images.xcassets */ = {isa = PBXFileReference; lastKnownFileType = folder.assetcatalog; path = Images.xcassets; sourceTree = "<group>"; };
		13B9B9E91C88172600FF5841 /* Base */ = {isa = PBXFileReference; lastKnownFileType = file.xib; name = Base; path = Base.lproj/LaunchScreen.xib; sourceTree = "<group>"; };
		13B9B9EF1C88172600FF5841 /* UI_新彩票Tests.xctest */ = {isa = PBXFileReference; explicitFileType = wrapper.cfbundle; includeInIndex = 0; path = "UI_新彩票Tests.xctest"; sourceTree = BUILT_PRODUCTS_DIR; };
		13B9B9F41C88172600FF5841 /* Info.plist */ = {isa = PBXFileReference; lastKnownFileType = text.plist.xml; path = Info.plist; sourceTree = "<group>"; };
		13B9B9F51C88172600FF5841 /* UI____Tests.m */ = {isa = PBXFileReference; lastKnownFileType = sourcecode.c.objc; path = "UI____Tests.m"; sourceTree = "<group>"; };
		13C7EDA91C8E6E000007BE80 /* myNotiSendTVC.h */ = {isa = PBXFileReference; fileEncoding = 4; lastKnownFileType = sourcecode.c.h; path = myNotiSendTVC.h; sourceTree = "<group>"; };
		13C7EDAA1C8E6E000007BE80 /* myNotiSendTVC.m */ = {isa = PBXFileReference; fileEncoding = 4; lastKnownFileType = sourcecode.c.objc; path = myNotiSendTVC.m; sourceTree = "<group>"; };
		13C7EDAB1C8E6E000007BE80 /* myNotiSendTVC.xib */ = {isa = PBXFileReference; fileEncoding = 4; lastKnownFileType = file.xib; path = myNotiSendTVC.xib; sourceTree = "<group>"; };
		13DC337C1C911EB200ACD969 /* myNavigationViewController.h */ = {isa = PBXFileReference; fileEncoding = 4; lastKnownFileType = sourcecode.c.h; path = myNavigationViewController.h; sourceTree = "<group>"; };
		13DC337D1C911EB200ACD969 /* myNavigationViewController.m */ = {isa = PBXFileReference; fileEncoding = 4; lastKnownFileType = sourcecode.c.objc; path = myNavigationViewController.m; sourceTree = "<group>"; };
		13F61D0A1C881907000D72D5 /* myViewTabBarContrller.h */ = {isa = PBXFileReference; fileEncoding = 4; lastKnownFileType = sourcecode.c.h; path = myViewTabBarContrller.h; sourceTree = "<group>"; };
		13F61D0B1C881907000D72D5 /* myViewTabBarContrller.m */ = {isa = PBXFileReference; fileEncoding = 4; lastKnownFileType = sourcecode.c.objc; path = myViewTabBarContrller.m; sourceTree = "<group>"; };
		13F61D0D1C881923000D72D5 /* myButton.h */ = {isa = PBXFileReference; fileEncoding = 4; lastKnownFileType = sourcecode.c.h; path = myButton.h; sourceTree = "<group>"; };
		13F61D0E1C881923000D72D5 /* myButton.m */ = {isa = PBXFileReference; fileEncoding = 4; lastKnownFileType = sourcecode.c.objc; path = myButton.m; sourceTree = "<group>"; };
		13F61D101C881963000D72D5 /* myViewTabBar.h */ = {isa = PBXFileReference; fileEncoding = 4; lastKnownFileType = sourcecode.c.h; path = myViewTabBar.h; sourceTree = "<group>"; };
		13F61D111C881963000D72D5 /* myViewTabBar.m */ = {isa = PBXFileReference; fileEncoding = 4; lastKnownFileType = sourcecode.c.objc; path = myViewTabBar.m; sourceTree = "<group>"; };
		13F962361C892D38004D53C1 /* myTitleButton.h */ = {isa = PBXFileReference; fileEncoding = 4; lastKnownFileType = sourcecode.c.h; path = myTitleButton.h; sourceTree = "<group>"; };
		13F962371C892D38004D53C1 /* myTitleButton.m */ = {isa = PBXFileReference; fileEncoding = 4; lastKnownFileType = sourcecode.c.objc; path = myTitleButton.m; sourceTree = "<group>"; };
		13F96A091C8D648900F83CF4 /* mySetting_TableVeiw_C.h */ = {isa = PBXFileReference; fileEncoding = 4; lastKnownFileType = sourcecode.c.h; path = mySetting_TableVeiw_C.h; sourceTree = "<group>"; };
		13F96A0A1C8D648900F83CF4 /* mySetting_TableVeiw_C.m */ = {isa = PBXFileReference; fileEncoding = 4; lastKnownFileType = sourcecode.c.objc; path = mySetting_TableVeiw_C.m; sourceTree = "<group>"; };
		13FA51E31C90214A004FFE04 /* myProduct_Model.h */ = {isa = PBXFileReference; fileEncoding = 4; lastKnownFileType = sourcecode.c.h; path = myProduct_Model.h; sourceTree = "<group>"; };
		13FA51E41C90214A004FFE04 /* myProduct_Model.m */ = {isa = PBXFileReference; fileEncoding = 4; lastKnownFileType = sourcecode.c.objc; path = myProduct_Model.m; sourceTree = "<group>"; };
/* End PBXFileReference section */

/* Begin PBXFrameworksBuildPhase section */
		13B9B9D31C88172600FF5841 /* Frameworks */ = {
			isa = PBXFrameworksBuildPhase;
			buildActionMask = 2147483647;
			files = (
			);
			runOnlyForDeploymentPostprocessing = 0;
		};
		13B9B9EC1C88172600FF5841 /* Frameworks */ = {
			isa = PBXFrameworksBuildPhase;
			buildActionMask = 2147483647;
			files = (
			);
			runOnlyForDeploymentPostprocessing = 0;
		};
/* End PBXFrameworksBuildPhase section */

/* Begin PBXGroup section */
		13134E821C900E830047CE29 /* Product */ = {
			isa = PBXGroup;
			children = (
				13FA51E31C90214A004FFE04 /* myProduct_Model.h */,
				13FA51E41C90214A004FFE04 /* myProduct_Model.m */,
				131F37D41C8FDE7C002B9144 /* myProduct_CollectionView_C.h */,
				131F37D51C8FDE7C002B9144 /* myProduct_CollectionView_C.m */,
				13134E831C900EAF0047CE29 /* myProduct_CollectionCell_V.h */,
				13134E841C900EAF0047CE29 /* myProduct_CollectionCell_V.m */,
				13134E851C900EAF0047CE29 /* myProduct_CollectionCell_V.xib */,
			);
			name = Product;
			sourceTree = "<group>";
		};
		131F37CB1C8FCE44002B9144 /* MBProgressHUD */ = {
			isa = PBXGroup;
			children = (
				131F37CC1C8FCE44002B9144 /* MBProgressHUD+MJ.h */,
				131F37CD1C8FCE44002B9144 /* MBProgressHUD+MJ.m */,
				131F37CE1C8FCE44002B9144 /* MBProgressHUD.bundle */,
				131F37CF1C8FCE44002B9144 /* MBProgressHUD.h */,
				131F37D01C8FCE44002B9144 /* MBProgressHUD.m */,
			);
			path = MBProgressHUD;
			sourceTree = "<group>";
		};
		131F421B1C92A2D8001644C7 /* Html */ = {
			isa = PBXGroup;
			children = (
				131F425B1C92A660001644C7 /* myHelp_Model.h */,
				131F425C1C92A660001644C7 /* myHelp_Model.m */,
				131F425E1C92A722001644C7 /* myHtmlTableView_C.h */,
				131F425F1C92A722001644C7 /* myHtmlTableView_C.m */,
				131F42611C92A867001644C7 /* myHelpTableView_C.h */,
				131F42621C92A867001644C7 /* myHelpTableView_C.m */,
			);
			name = Html;
			sourceTree = "<group>";
		};
		131F421C1C92A5BD001644C7 /* Html */ = {
			isa = PBXGroup;
			children = (
				131F42571C92A5D0001644C7 /* cywt.json */,
				131F421D1C92A5BD001644C7 /* bjdc_howto.html */,
				131F421E1C92A5BD001644C7 /* coupon_help.html */,
				131F421F1C92A5BD001644C7 /* credit_help.html */,
				131F42201C92A5BD001644C7 /* dlt_howto.html */,
				131F42211C92A5BD001644C7 /* f9_howto.html */,
				131F42221C92A5BD001644C7 /* gdy11_howto.html */,
				131F42231C92A5BD001644C7 /* group_record.html */,
				131F42241C92A5BD001644C7 /* help.html */,
				131F42251C92A5BD001644C7 /* helpGroupBuy.html */,
				131F42261C92A5BD001644C7 /* jclq_howto.html */,
				131F42271C92A5BD001644C7 /* jczq_howto.html */,
				131F42281C92A5BD001644C7 /* jxssc_howto.html */,
				131F42291C92A5BD001644C7 /* jxy11_howto.html */,
				131F422A1C92A5BD001644C7 /* k2_howto.html */,
				131F422B1C92A5BD001644C7 /* k3_howto.html */,
				131F422C1C92A5BD001644C7 /* kl8_howto.html */,
				131F422D1C92A5BD001644C7 /* lk11_howto.html */,
				131F422E1C92A5BD001644C7 /* networkconnectedfailed.html */,
				131F422F1C92A5BD001644C7 /* pl3_howto.html */,
				131F42301C92A5BD001644C7 /* pl5_howto.html */,
				131F42311C92A5BD001644C7 /* qlc_howto.html */,
				131F42321C92A5BD001644C7 /* qxc_howto.html */,
				131F42331C92A5BD001644C7 /* rule.css */,
				131F42341C92A5BD001644C7 /* sfc_howto.html */,
				131F42351C92A5BD001644C7 /* ssc_howto.html */,
				131F42361C92A5BD001644C7 /* ssq_howto.html */,
				131F42371C92A5BD001644C7 /* x3d_howto.html */,
				131F42381C92A5BD001644C7 /* y11_howto.html */,
				131F42391C92A5BD001644C7 /* znzh.html */,
			);
			path = Html;
			sourceTree = "<group>";
		};
		135699E21C912BB80076AD03 /* Setting */ = {
			isa = PBXGroup;
			children = (
				135699E41C912EB80076AD03 /* mySetting_C.h */,
				135699E51C912EB80076AD03 /* mySetting_C.m */,
			);
			name = Setting;
			sourceTree = "<group>";
		};
		135699E31C912DF20076AD03 /* BaseTable */ = {
			isa = PBXGroup;
			children = (
				13708A3D1C8D7239005D25AE /* mySettingItem_Model.h */,
				13708A3E1C8D7239005D25AE /* mySettingItem_Model.m */,
				13708A461C8D87D0005D25AE /* mySettingItem_ArrowModel.h */,
				13708A471C8D87D0005D25AE /* mySettingItem_ArrowModel.m */,
				13708A491C8D87F3005D25AE /* mySettingItem_SwitchModel.h */,
				13708A4A1C8D87F3005D25AE /* mySettingItem_SwitchModel.m */,
				13708A431C8D7DFB005D25AE /* mySetting_CellView.h */,
				13708A441C8D7DFB005D25AE /* mySetting_CellView.m */,
				13F96A091C8D648900F83CF4 /* mySetting_TableVeiw_C.h */,
				13F96A0A1C8D648900F83CF4 /* mySetting_TableVeiw_C.m */,
				13708A3A1C8D721C005D25AE /* mySetting_GroupModel.h */,
				13708A3B1C8D721C005D25AE /* mySetting_GroupModel.m */,
			);
			name = BaseTable;
			sourceTree = "<group>";
		};
		135699E71C914F8E0076AD03 /* L0501_PushRemind */ = {
			isa = PBXGroup;
			children = (
				135699E81C914FFA0076AD03 /* myPushRemind_TableView_C.h */,
				135699E91C914FFA0076AD03 /* myPushRemind_TableView_C.m */,
			);
			name = L0501_PushRemind;
			sourceTree = "<group>";
		};
		13665C6E1C8ABD480064BBBD /* L05 */ = {
			isa = PBXGroup;
			children = (
				131F421B1C92A2D8001644C7 /* Html */,
				135699E71C914F8E0076AD03 /* L0501_PushRemind */,
				135699E31C912DF20076AD03 /* BaseTable */,
				13134E821C900E830047CE29 /* Product */,
				135699E21C912BB80076AD03 /* Setting */,
				13F96A071C8D63A600F83CF4 /* L05 */,
			);
			name = L05;
			sourceTree = "<group>";
		};
		13665C731C8ABF3B0064BBBD /* Source */ = {
			isa = PBXGroup;
			children = (
				13B9B9E61C88172600FF5841 /* Images.xcassets */,
				13B9B9E81C88172600FF5841 /* LaunchScreen.xib */,
			);
			name = Source;
			sourceTree = "<group>";
		};
		13B9B9CD1C88172600FF5841 = {
			isa = PBXGroup;
			children = (
				13B9B9D81C88172600FF5841 /* UI_新彩票 */,
				13B9B9F21C88172600FF5841 /* UI_新彩票Tests */,
				13B9B9D71C88172600FF5841 /* Products */,
			);
			sourceTree = "<group>";
		};
		13B9B9D71C88172600FF5841 /* Products */ = {
			isa = PBXGroup;
			children = (
				13B9B9D61C88172600FF5841 /* UI_新彩票.app */,
				13B9B9EF1C88172600FF5841 /* UI_新彩票Tests.xctest */,
			);
			name = Products;
			sourceTree = "<group>";
		};
		13B9B9D81C88172600FF5841 /* UI_新彩票 */ = {
			isa = PBXGroup;
			children = (
				131F37CB1C8FCE44002B9144 /* MBProgressHUD */,
				13665C731C8ABF3B0064BBBD /* Source */,
				13665C6E1C8ABD480064BBBD /* L05 */,
				13F962321C892CF5004D53C1 /* L02 */,
				13F61D061C881870000D72D5 /* L01 */,
				13F61D051C88186A000D72D5 /* Com */,
				13B9B9E31C88172600FF5841 /* Main.storyboard */,
				13B9B9D91C88172600FF5841 /* Supporting Files */,
			);
			path = "UI_新彩票";
			sourceTree = "<group>";
		};
		13B9B9D91C88172600FF5841 /* Supporting Files */ = {
			isa = PBXGroup;
			children = (
				131F42591C92A63C001644C7 /* help.json */,
				131F421C1C92A5BD001644C7 /* Html */,
				13134E8B1C90196C0047CE29 /* products.json */,
				13B9B9DA1C88172600FF5841 /* Info.plist */,
				13B9B9DB1C88172600FF5841 /* main.m */,
				135257591C88353A00C30B12 /* pchFile.pch */,
			);
			name = "Supporting Files";
			sourceTree = "<group>";
		};
		13B9B9F21C88172600FF5841 /* UI_新彩票Tests */ = {
			isa = PBXGroup;
			children = (
				13B9B9F51C88172600FF5841 /* UI____Tests.m */,
				13B9B9F31C88172600FF5841 /* Supporting Files */,
			);
			path = "UI_新彩票Tests";
			sourceTree = "<group>";
		};
		13B9B9F31C88172600FF5841 /* Supporting Files */ = {
			isa = PBXGroup;
			children = (
				13B9B9F41C88172600FF5841 /* Info.plist */,
			);
			name = "Supporting Files";
			sourceTree = "<group>";
		};
		13F61D051C88186A000D72D5 /* Com */ = {
			isa = PBXGroup;
			children = (
				13B9B9DD1C88172600FF5841 /* AppDelegate.h */,
				13B9B9DE1C88172600FF5841 /* AppDelegate.m */,
				13B9B9E01C88172600FF5841 /* ViewController.h */,
				13B9B9E11C88172600FF5841 /* ViewController.m */,
				13424A881C8AC3F8000AE14B /* setBackStretch.h */,
				13424A891C8AC3F8000AE14B /* setBackStretch.m */,
			);
			name = Com;
			sourceTree = "<group>";
		};
		13F61D061C881870000D72D5 /* L01 */ = {
			isa = PBXGroup;
			children = (
				13F61D091C88188C000D72D5 /* Controller */,
				13F61D081C881886000D72D5 /* Model */,
				13F61D071C88187F000D72D5 /* View */,
			);
			name = L01;
			sourceTree = "<group>";
		};
		13F61D071C88187F000D72D5 /* View */ = {
			isa = PBXGroup;
			children = (
				13F61D0D1C881923000D72D5 /* myButton.h */,
				13F61D0E1C881923000D72D5 /* myButton.m */,
				13F61D101C881963000D72D5 /* myViewTabBar.h */,
				13F61D111C881963000D72D5 /* myViewTabBar.m */,
				1352575A1C883FEB00C30B12 /* myViewNavigationBar.h */,
				1352575B1C883FEB00C30B12 /* myViewNavigationBar.m */,
			);
			name = View;
			sourceTree = "<group>";
		};
		13F61D081C881886000D72D5 /* Model */ = {
			isa = PBXGroup;
			children = (
			);
			name = Model;
			sourceTree = "<group>";
		};
		13F61D091C88188C000D72D5 /* Controller */ = {
			isa = PBXGroup;
			children = (
				13F61D0A1C881907000D72D5 /* myViewTabBarContrller.h */,
				13F61D0B1C881907000D72D5 /* myViewTabBarContrller.m */,
				13DC337C1C911EB200ACD969 /* myNavigationViewController.h */,
				13DC337D1C911EB200ACD969 /* myNavigationViewController.m */,
			);
			name = Controller;
			sourceTree = "<group>";
		};
		13F962321C892CF5004D53C1 /* L02 */ = {
			isa = PBXGroup;
			children = (
				13F962351C892D0A004D53C1 /* Controller */,
				13F962341C892D03004D53C1 /* View */,
				13F962331C892CFA004D53C1 /* Model */,
			);
			name = L02;
			sourceTree = "<group>";
		};
		13F962331C892CFA004D53C1 /* Model */ = {
			isa = PBXGroup;
			children = (
			);
			name = Model;
			sourceTree = "<group>";
		};
		13F962341C892D03004D53C1 /* View */ = {
			isa = PBXGroup;
			children = (
				13F962361C892D38004D53C1 /* myTitleButton.h */,
				13F962371C892D38004D53C1 /* myTitleButton.m */,
			);
			name = View;
			sourceTree = "<group>";
		};
		13F962351C892D0A004D53C1 /* Controller */ = {
			isa = PBXGroup;
			children = (
				130515F81C89323C00972BAE /* myAllLoyViewController.h */,
				130515F91C89323C00972BAE /* myAllLoyViewController.m */,
			);
			name = Controller;
			sourceTree = "<group>";
		};
		13F96A071C8D63A600F83CF4 /* L05 */ = {
			isa = PBXGroup;
			children = (
				13665C701C8ABDBE0064BBBD /* myLoginView_C.h */,
				13665C711C8ABDBE0064BBBD /* myLoginView_C.m */,
				13C7EDA91C8E6E000007BE80 /* myNotiSendTVC.h */,
				13C7EDAA1C8E6E000007BE80 /* myNotiSendTVC.m */,
				13C7EDAB1C8E6E000007BE80 /* myNotiSendTVC.xib */,
			);
			name = L05;
			sourceTree = "<group>";
		};
/* End PBXGroup section */

/* Begin PBXNativeTarget section */
		13B9B9D51C88172600FF5841 /* UI_新彩票 */ = {
			isa = PBXNativeTarget;
			buildConfigurationList = 13B9B9F91C88172600FF5841 /* Build configuration list for PBXNativeTarget "UI_新彩票" */;
			buildPhases = (
				13B9B9D21C88172600FF5841 /* Sources */,
				13B9B9D31C88172600FF5841 /* Frameworks */,
				13B9B9D41C88172600FF5841 /* Resources */,
			);
			buildRules = (
			);
			dependencies = (
			);
			name = "UI_新彩票";
			productName = "UI_新彩票";
			productReference = 13B9B9D61C88172600FF5841 /* UI_新彩票.app */;
			productType = "com.apple.product-type.application";
		};
		13B9B9EE1C88172600FF5841 /* UI_新彩票Tests */ = {
			isa = PBXNativeTarget;
			buildConfigurationList = 13B9B9FC1C88172600FF5841 /* Build configuration list for PBXNativeTarget "UI_新彩票Tests" */;
			buildPhases = (
				13B9B9EB1C88172600FF5841 /* Sources */,
				13B9B9EC1C88172600FF5841 /* Frameworks */,
				13B9B9ED1C88172600FF5841 /* Resources */,
			);
			buildRules = (
			);
			dependencies = (
				13B9B9F11C88172600FF5841 /* PBXTargetDependency */,
			);
			name = "UI_新彩票Tests";
			productName = "UI_新彩票Tests";
			productReference = 13B9B9EF1C88172600FF5841 /* UI_新彩票Tests.xctest */;
			productType = "com.apple.product-type.bundle.unit-test";
		};
/* End PBXNativeTarget section */

/* Begin PBXProject section */
		13B9B9CE1C88172600FF5841 /* Project object */ = {
			isa = PBXProject;
			attributes = {
				LastUpgradeCheck = 0600;
				ORGANIZATIONNAME = itcast0413;
				TargetAttributes = {
					13B9B9D51C88172600FF5841 = {
						CreatedOnToolsVersion = 6.0.1;
					};
					13B9B9EE1C88172600FF5841 = {
						CreatedOnToolsVersion = 6.0.1;
						TestTargetID = 13B9B9D51C88172600FF5841;
					};
				};
			};
			buildConfigurationList = 13B9B9D11C88172600FF5841 /* Build configuration list for PBXProject "UI_新彩票" */;
			compatibilityVersion = "Xcode 3.2";
			developmentRegion = English;
			hasScannedForEncodings = 0;
			knownRegions = (
				en,
				Base,
			);
			mainGroup = 13B9B9CD1C88172600FF5841;
			productRefGroup = 13B9B9D71C88172600FF5841 /* Products */;
			projectDirPath = "";
			projectRoot = "";
			targets = (
				13B9B9D51C88172600FF5841 /* UI_新彩票 */,
				13B9B9EE1C88172600FF5841 /* UI_新彩票Tests */,
			);
		};
/* End PBXProject section */

/* Begin PBXResourcesBuildPhase section */
		13B9B9D41C88172600FF5841 /* Resources */ = {
			isa = PBXResourcesBuildPhase;
			buildActionMask = 2147483647;
			files = (
				131F42541C92A5BD001644C7 /* x3d_howto.html in Resources */,
				131F42461C92A5BD001644C7 /* jxy11_howto.html in Resources */,
				131F424E1C92A5BD001644C7 /* qlc_howto.html in Resources */,
				131F42551C92A5BD001644C7 /* y11_howto.html in Resources */,
				13B9B9E51C88172600FF5841 /* Main.storyboard in Resources */,
				131F42471C92A5BD001644C7 /* k2_howto.html in Resources */,
				131F42581C92A5D0001644C7 /* cywt.json in Resources */,
				131F424A1C92A5BD001644C7 /* lk11_howto.html in Resources */,
				131F424C1C92A5BD001644C7 /* pl3_howto.html in Resources */,
				131F42411C92A5BD001644C7 /* help.html in Resources */,
				13134E8C1C90196C0047CE29 /* products.json in Resources */,
				131F424F1C92A5BD001644C7 /* qxc_howto.html in Resources */,
				13C7EDAD1C8E6E000007BE80 /* myNotiSendTVC.xib in Resources */,
				131F42521C92A5BD001644C7 /* ssc_howto.html in Resources */,
				131F42401C92A5BD001644C7 /* group_record.html in Resources */,
				131F42501C92A5BD001644C7 /* rule.css in Resources */,
				131F425A1C92A63C001644C7 /* help.json in Resources */,
				131F37D21C8FCE44002B9144 /* MBProgressHUD.bundle in Resources */,
				131F42491C92A5BD001644C7 /* kl8_howto.html in Resources */,
				131F424D1C92A5BD001644C7 /* pl5_howto.html in Resources */,
				131F42531C92A5BD001644C7 /* ssq_howto.html in Resources */,
				13B9B9EA1C88172600FF5841 /* LaunchScreen.xib in Resources */,
				131F423A1C92A5BD001644C7 /* bjdc_howto.html in Resources */,
				131F423C1C92A5BD001644C7 /* credit_help.html in Resources */,
				13B9B9E71C88172600FF5841 /* Images.xcassets in Resources */,
				131F42421C92A5BD001644C7 /* helpGroupBuy.html in Resources */,
				13134E871C900EAF0047CE29 /* myProduct_CollectionCell_V.xib in Resources */,
				131F42441C92A5BD001644C7 /* jczq_howto.html in Resources */,
				131F42431C92A5BD001644C7 /* jclq_howto.html in Resources */,
				131F42451C92A5BD001644C7 /* jxssc_howto.html in Resources */,
				131F423B1C92A5BD001644C7 /* coupon_help.html in Resources */,
				131F42481C92A5BD001644C7 /* k3_howto.html in Resources */,
				131F423D1C92A5BD001644C7 /* dlt_howto.html in Resources */,
				131F42511C92A5BD001644C7 /* sfc_howto.html in Resources */,
				131F423F1C92A5BD001644C7 /* gdy11_howto.html in Resources */,
				131F423E1C92A5BD001644C7 /* f9_howto.html in Resources */,
				131F42561C92A5BD001644C7 /* znzh.html in Resources */,
				131F424B1C92A5BD001644C7 /* networkconnectedfailed.html in Resources */,
			);
			runOnlyForDeploymentPostprocessing = 0;
		};
		13B9B9ED1C88172600FF5841 /* Resources */ = {
			isa = PBXResourcesBuildPhase;
			buildActionMask = 2147483647;
			files = (
			);
			runOnlyForDeploymentPostprocessing = 0;
		};
/* End PBXResourcesBuildPhase section */

/* Begin PBXSourcesBuildPhase section */
		13B9B9D21C88172600FF5841 /* Sources */ = {
			isa = PBXSourcesBuildPhase;
			buildActionMask = 2147483647;
			files = (
				131F37D61C8FDE7C002B9144 /* myProduct_CollectionView_C.m in Sources */,
				13F61D0C1C881907000D72D5 /* myViewTabBarContrller.m in Sources */,
				131F42601C92A722001644C7 /* myHtmlTableView_C.m in Sources */,
				131F37D11C8FCE44002B9144 /* MBProgressHUD+MJ.m in Sources */,
				13F61D0F1C881923000D72D5 /* myButton.m in Sources */,
				13665C721C8ABDBE0064BBBD /* myLoginView_C.m in Sources */,
				13B9B9E21C88172600FF5841 /* ViewController.m in Sources */,
				130515FA1C89323C00972BAE /* myAllLoyViewController.m in Sources */,
				13134E861C900EAF0047CE29 /* myProduct_CollectionCell_V.m in Sources */,
				13708A3C1C8D721C005D25AE /* mySetting_GroupModel.m in Sources */,
				131F37D31C8FCE44002B9144 /* MBProgressHUD.m in Sources */,
				13424A8A1C8AC3F8000AE14B /* setBackStretch.m in Sources */,
				131F42631C92A867001644C7 /* myHelpTableView_C.m in Sources */,
				1352575C1C883FEB00C30B12 /* myViewNavigationBar.m in Sources */,
				13DC337E1C911EB200ACD969 /* myNavigationViewController.m in Sources */,
				13B9B9DF1C88172600FF5841 /* AppDelegate.m in Sources */,
				13F61D121C881963000D72D5 /* myViewTabBar.m in Sources */,
				13F962381C892D38004D53C1 /* myTitleButton.m in Sources */,
				131F425D1C92A660001644C7 /* myHelp_Model.m in Sources */,
				13708A3F1C8D7239005D25AE /* mySettingItem_Model.m in Sources */,
				13F96A0B1C8D648900F83CF4 /* mySetting_TableVeiw_C.m in Sources */,
				135699EA1C914FFA0076AD03 /* myPushRemind_TableView_C.m in Sources */,
				13708A481C8D87D0005D25AE /* mySettingItem_ArrowModel.m in Sources */,
				13708A4B1C8D87F3005D25AE /* mySettingItem_SwitchModel.m in Sources */,
				13C7EDAC1C8E6E000007BE80 /* myNotiSendTVC.m in Sources */,
				13708A451C8D7DFB005D25AE /* mySetting_CellView.m in Sources */,
				13FA51E51C90214A004FFE04 /* myProduct_Model.m in Sources */,
				13B9B9DC1C88172600FF5841 /* main.m in Sources */,
				135699E61C912EB80076AD03 /* mySetting_C.m in Sources */,
			);
			runOnlyForDeploymentPostprocessing = 0;
		};
		13B9B9EB1C88172600FF5841 /* Sources */ = {
			isa = PBXSourcesBuildPhase;
			buildActionMask = 2147483647;
			files = (
				13B9B9F61C88172600FF5841 /* UI____Tests.m in Sources */,
			);
			runOnlyForDeploymentPostprocessing = 0;
		};
/* End PBXSourcesBuildPhase section */

/* Begin PBXTargetDependency section */
		13B9B9F11C88172600FF5841 /* PBXTargetDependency */ = {
			isa = PBXTargetDependency;
			target = 13B9B9D51C88172600FF5841 /* UI_新彩票 */;
			targetProxy = 13B9B9F01C88172600FF5841 /* PBXContainerItemProxy */;
		};
/* End PBXTargetDependency section */

/* Begin PBXVariantGroup section */
		13B9B9E31C88172600FF5841 /* Main.storyboard */ = {
			isa = PBXVariantGroup;
			children = (
				13B9B9E41C88172600FF5841 /* Base */,
			);
			name = Main.storyboard;
			sourceTree = "<group>";
		};
		13B9B9E81C88172600FF5841 /* LaunchScreen.xib */ = {
			isa = PBXVariantGroup;
			children = (
				13B9B9E91C88172600FF5841 /* Base */,
			);
			name = LaunchScreen.xib;
			sourceTree = "<group>";
		};
/* End PBXVariantGroup section */

/* Begin XCBuildConfiguration section */
		13B9B9F71C88172600FF5841 /* Debug */ = {
			isa = XCBuildConfiguration;
			buildSettings = {
				ALWAYS_SEARCH_USER_PATHS = NO;
				CLANG_CXX_LANGUAGE_STANDARD = "gnu++0x";
				CLANG_CXX_LIBRARY = "libc++";
				CLANG_ENABLE_MODULES = YES;
				CLANG_ENABLE_OBJC_ARC = YES;
				CLANG_WARN_BOOL_CONVERSION = YES;
				CLANG_WARN_CONSTANT_CONVERSION = YES;
				CLANG_WARN_DIRECT_OBJC_ISA_USAGE = YES_ERROR;
				CLANG_WARN_EMPTY_BODY = YES;
				CLANG_WARN_ENUM_CONVERSION = YES;
				CLANG_WARN_INT_CONVERSION = YES;
				CLANG_WARN_OBJC_ROOT_CLASS = YES_ERROR;
				CLANG_WARN_UNREACHABLE_CODE = YES;
				CLANG_WARN__DUPLICATE_METHOD_MATCH = YES;
				"CODE_SIGN_IDENTITY[sdk=iphoneos*]" = "iPhone Developer";
				COPY_PHASE_STRIP = NO;
				ENABLE_STRICT_OBJC_MSGSEND = YES;
				GCC_C_LANGUAGE_STANDARD = gnu99;
				GCC_DYNAMIC_NO_PIC = NO;
				GCC_OPTIMIZATION_LEVEL = 0;
				GCC_PREPROCESSOR_DEFINITIONS = (
					"DEBUG=1",
					"$(inherited)",
				);
				GCC_SYMBOLS_PRIVATE_EXTERN = NO;
				GCC_WARN_64_TO_32_BIT_CONVERSION = YES;
				GCC_WARN_ABOUT_RETURN_TYPE = YES_ERROR;
				GCC_WARN_UNDECLARED_SELECTOR = YES;
				GCC_WARN_UNINITIALIZED_AUTOS = YES_AGGRESSIVE;
				GCC_WARN_UNUSED_FUNCTION = YES;
				GCC_WARN_UNUSED_VARIABLE = YES;
				IPHONEOS_DEPLOYMENT_TARGET = 8.0;
				MTL_ENABLE_DEBUG_INFO = YES;
				ONLY_ACTIVE_ARCH = YES;
				SDKROOT = iphoneos;
			};
			name = Debug;
		};
		13B9B9F81C88172600FF5841 /* Release */ = {
			isa = XCBuildConfiguration;
			buildSettings = {
				ALWAYS_SEARCH_USER_PATHS = NO;
				CLANG_CXX_LANGUAGE_STANDARD = "gnu++0x";
				CLANG_CXX_LIBRARY = "libc++";
				CLANG_ENABLE_MODULES = YES;
				CLANG_ENABLE_OBJC_ARC = YES;
				CLANG_WARN_BOOL_CONVERSION = YES;
				CLANG_WARN_CONSTANT_CONVERSION = YES;
				CLANG_WARN_DIRECT_OBJC_ISA_USAGE = YES_ERROR;
				CLANG_WARN_EMPTY_BODY = YES;
				CLANG_WARN_ENUM_CONVERSION = YES;
				CLANG_WARN_INT_CONVERSION = YES;
				CLANG_WARN_OBJC_ROOT_CLASS = YES_ERROR;
				CLANG_WARN_UNREACHABLE_CODE = YES;
				CLANG_WARN__DUPLICATE_METHOD_MATCH = YES;
				"CODE_SIGN_IDENTITY[sdk=iphoneos*]" = "iPhone Developer";
				COPY_PHASE_STRIP = YES;
				ENABLE_NS_ASSERTIONS = NO;
				ENABLE_STRICT_OBJC_MSGSEND = YES;
				GCC_C_LANGUAGE_STANDARD = gnu99;
				GCC_WARN_64_TO_32_BIT_CONVERSION = YES;
				GCC_WARN_ABOUT_RETURN_TYPE = YES_ERROR;
				GCC_WARN_UNDECLARED_SELECTOR = YES;
				GCC_WARN_UNINITIALIZED_AUTOS = YES_AGGRESSIVE;
				GCC_WARN_UNUSED_FUNCTION = YES;
				GCC_WARN_UNUSED_VARIABLE = YES;
				IPHONEOS_DEPLOYMENT_TARGET = 8.0;
				MTL_ENABLE_DEBUG_INFO = NO;
				SDKROOT = iphoneos;
				VALIDATE_PRODUCT = YES;
			};
			name = Release;
		};
		13B9B9FA1C88172600FF5841 /* Debug */ = {
			isa = XCBuildConfiguration;
			buildSettings = {
				ASSETCATALOG_COMPILER_APPICON_NAME = AppIcon;
				GCC_INCREASE_PRECOMPILED_HEADER_SHARING = YES;
				GCC_PRECOMPILE_PREFIX_HEADER = YES;
				GCC_PREFIX_HEADER = "$(SRCROOT)/UI_新彩票/pchFile.pch";
				INFOPLIST_FILE = "UI_新彩票/Info.plist";
				LD_RUNPATH_SEARCH_PATHS = "$(inherited) @executable_path/Frameworks";
				PRODUCT_NAME = "$(TARGET_NAME)";
			};
			name = Debug;
		};
		13B9B9FB1C88172600FF5841 /* Release */ = {
			isa = XCBuildConfiguration;
			buildSettings = {
				ASSETCATALOG_COMPILER_APPICON_NAME = AppIcon;
				GCC_INCREASE_PRECOMPILED_HEADER_SHARING = YES;
				GCC_PRECOMPILE_PREFIX_HEADER = YES;
				GCC_PREFIX_HEADER = "$(SRCROOT)/UI_新彩票/pchFile.pch";
				INFOPLIST_FILE = "UI_新彩票/Info.plist";
				LD_RUNPATH_SEARCH_PATHS = "$(inherited) @executable_path/Frameworks";
				PRODUCT_NAME = "$(TARGET_NAME)";
			};
			name = Release;
		};
		13B9B9FD1C88172600FF5841 /* Debug */ = {
			isa = XCBuildConfiguration;
			buildSettings = {
				BUNDLE_LOADER = "$(TEST_HOST)";
				FRAMEWORK_SEARCH_PATHS = (
					"$(SDKROOT)/Developer/Library/Frameworks",
					"$(inherited)",
				);
				GCC_PREPROCESSOR_DEFINITIONS = (
					"DEBUG=1",
					"$(inherited)",
				);
				INFOPLIST_FILE = "UI_新彩票Tests/Info.plist";
				LD_RUNPATH_SEARCH_PATHS = "$(inherited) @executable_path/Frameworks @loader_path/Frameworks";
				PRODUCT_NAME = "$(TARGET_NAME)";
				TEST_HOST = "$(BUILT_PRODUCTS_DIR)/UI_新彩票.app/UI_新彩票";
			};
			name = Debug;
		};
		13B9B9FE1C88172600FF5841 /* Release */ = {
			isa = XCBuildConfiguration;
			buildSettings = {
				BUNDLE_LOADER = "$(TEST_HOST)";
				FRAMEWORK_SEARCH_PATHS = (
					"$(SDKROOT)/Developer/Library/Frameworks",
					"$(inherited)",
				);
				INFOPLIST_FILE = "UI_新彩票Tests/Info.plist";
				LD_RUNPATH_SEARCH_PATHS = "$(inherited) @executable_path/Frameworks @loader_path/Frameworks";
				PRODUCT_NAME = "$(TARGET_NAME)";
				TEST_HOST = "$(BUILT_PRODUCTS_DIR)/UI_新彩票.app/UI_新彩票";
			};
			name = Release;
		};
/* End XCBuildConfiguration section */

/* Begin XCConfigurationList section */
		13B9B9D11C88172600FF5841 /* Build configuration list for PBXProject "UI_新彩票" */ = {
			isa = XCConfigurationList;
			buildConfigurations = (
				13B9B9F71C88172600FF5841 /* Debug */,
				13B9B9F81C88172600FF5841 /* Release */,
			);
			defaultConfigurationIsVisible = 0;
			defaultConfigurationName = Release;
		};
		13B9B9F91C88172600FF5841 /* Build configuration list for PBXNativeTarget "UI_新彩票" */ = {
			isa = XCConfigurationList;
			buildConfigurations = (
				13B9B9FA1C88172600FF5841 /* Debug */,
				13B9B9FB1C88172600FF5841 /* Release */,
			);
			defaultConfigurationIsVisible = 0;
			defaultConfigurationName = Release;
		};
		13B9B9FC1C88172600FF5841 /* Build configuration list for PBXNativeTarget "UI_新彩票Tests" */ = {
			isa = XCConfigurationList;
			buildConfigurations = (
				13B9B9FD1C88172600FF5841 /* Debug */,
				13B9B9FE1C88172600FF5841 /* Release */,
			);
			defaultConfigurationIsVisible = 0;
			defaultConfigurationName = Release;
		};
/* End XCConfigurationList section */
	};
	rootObject = 13B9B9CE1C88172600FF5841 /* Project object */;
}
